// !$*UTF8*$!
{
	archiveVersion = 1;
	classes = {
	};
	objectVersion = 50;
	objects = {

/* Begin PBXBuildFile section */
		9769654023ABBDC70068FF95 /* AppDelegate.swift in Sources */ = {isa = PBXBuildFile; fileRef = 9769653F23ABBDC70068FF95 /* AppDelegate.swift */; };
		9769654223ABBDC70068FF95 /* SceneDelegate.swift in Sources */ = {isa = PBXBuildFile; fileRef = 9769654123ABBDC70068FF95 /* SceneDelegate.swift */; };
		9769654423ABBDC70068FF95 /* ViewController.swift in Sources */ = {isa = PBXBuildFile; fileRef = 9769654323ABBDC70068FF95 /* ViewController.swift */; };
		9769654723ABBDC70068FF95 /* Main.storyboard in Resources */ = {isa = PBXBuildFile; fileRef = 9769654523ABBDC70068FF95 /* Main.storyboard */; };
		9769654923ABBDC90068FF95 /* Assets.xcassets in Resources */ = {isa = PBXBuildFile; fileRef = 9769654823ABBDC90068FF95 /* Assets.xcassets */; };
		9769654C23ABBDC90068FF95 /* LaunchScreen.storyboard in Resources */ = {isa = PBXBuildFile; fileRef = 9769654A23ABBDC90068FF95 /* LaunchScreen.storyboard */; };
		9769655423ABBF4A0068FF95 /* HolidayDataModel.swift in Sources */ = {isa = PBXBuildFile; fileRef = 9769655323ABBF4A0068FF95 /* HolidayDataModel.swift */; };
		9769656023AC06570068FF95 /* HolidayService.swift in Sources */ = {isa = PBXBuildFile; fileRef = 9769655F23AC06570068FF95 /* HolidayService.swift */; };
		9769656223AC193E0068FF95 /* HolidayCell.swift in Sources */ = {isa = PBXBuildFile; fileRef = 9769656123AC193E0068FF95 /* HolidayCell.swift */; };
/* End PBXBuildFile section */

/* Begin PBXFileReference section */
		9769653C23ABBDC70068FF95 /* HolidayFinder.app */ = {isa = PBXFileReference; explicitFileType = wrapper.application; includeInIndex = 0; path = HolidayFinder.app; sourceTree = BUILT_PRODUCTS_DIR; };
		9769653F23ABBDC70068FF95 /* AppDelegate.swift */ = {isa = PBXFileReference; lastKnownFileType = sourcecode.swift; path = AppDelegate.swift; sourceTree = "<group>"; };
		9769654123ABBDC70068FF95 /* SceneDelegate.swift */ = {isa = PBXFileReference; lastKnownFileType = sourcecode.swift; path = SceneDelegate.swift; sourceTree = "<group>"; };
		9769654323ABBDC70068FF95 /* ViewController.swift */ = {isa = PBXFileReference; lastKnownFileType = sourcecode.swift; path = ViewController.swift; sourceTree = "<group>"; };
		9769654623ABBDC70068FF95 /* Base */ = {isa = PBXFileReference; lastKnownFileType = file.storyboard; name = Base; path = Base.lproj/Main.storyboard; sourceTree = "<group>"; };
		9769654823ABBDC90068FF95 /* Assets.xcassets */ = {isa = PBXFileReference; lastKnownFileType = folder.assetcatalog; path = Assets.xcassets; sourceTree = "<group>"; };
		9769654B23ABBDC90068FF95 /* Base */ = {isa = PBXFileReference; lastKnownFileType = file.storyboard; name = Base; path = Base.lproj/LaunchScreen.storyboard; sourceTree = "<group>"; };
		9769654D23ABBDC90068FF95 /* Info.plist */ = {isa = PBXFileReference; lastKnownFileType = text.plist.xml; path = Info.plist; sourceTree = "<group>"; };
		9769655323ABBF4A0068FF95 /* HolidayDataModel.swift */ = {isa = PBXFileReference; lastKnownFileType = sourcecode.swift; path = HolidayDataModel.swift; sourceTree = "<group>"; };
		9769655F23AC06570068FF95 /* HolidayService.swift */ = {isa = PBXFileReference; lastKnownFileType = sourcecode.swift; path = HolidayService.swift; sourceTree = "<group>"; };
		9769656123AC193E0068FF95 /* HolidayCell.swift */ = {isa = PBXFileReference; lastKnownFileType = sourcecode.swift; path = HolidayCell.swift; sourceTree = "<group>"; };
/* End PBXFileReference section */

/* Begin PBXFrameworksBuildPhase section */
		9769653923ABBDC70068FF95 /* Frameworks */ = {
			isa = PBXFrameworksBuildPhase;
			buildActionMask = 2147483647;
			files = (
			);
			runOnlyForDeploymentPostprocessing = 0;
		};
/* End PBXFrameworksBuildPhase section */

/* Begin PBXGroup section */
		9769653323ABBDC70068FF95 = {
			isa = PBXGroup;
			children = (
				9769653E23ABBDC70068FF95 /* HolidayFinder */,
				9769653D23ABBDC70068FF95 /* Products */,
			);
			sourceTree = "<group>";
		};
		9769653D23ABBDC70068FF95 /* Products */ = {
			isa = PBXGroup;
			children = (
				9769653C23ABBDC70068FF95 /* HolidayFinder.app */,
			);
			name = Products;
			sourceTree = "<group>";
		};
		9769653E23ABBDC70068FF95 /* HolidayFinder */ = {
			isa = PBXGroup;
			children = (
				9769653F23ABBDC70068FF95 /* AppDelegate.swift */,
				9769654123ABBDC70068FF95 /* SceneDelegate.swift */,
				9769654323ABBDC70068FF95 /* ViewController.swift */,
				9769654523ABBDC70068FF95 /* Main.storyboard */,
				9769654823ABBDC90068FF95 /* Assets.xcassets */,
				9769654A23ABBDC90068FF95 /* LaunchScreen.storyboard */,
				9769654D23ABBDC90068FF95 /* Info.plist */,
				9769655323ABBF4A0068FF95 /* HolidayDataModel.swift */,
				9769655F23AC06570068FF95 /* HolidayService.swift */,
				9769656123AC193E0068FF95 /* HolidayCell.swift */,
			);
			path = HolidayFinder;
			sourceTree = "<group>";
		};
/* End PBXGroup section */

/* Begin PBXNativeTarget section */
		9769653B23ABBDC70068FF95 /* HolidayFinder */ = {
			isa = PBXNativeTarget;
			buildConfigurationList = 9769655023ABBDC90068FF95 /* Build configuration list for PBXNativeTarget "HolidayFinder" */;
			buildPhases = (
				9769653823ABBDC70068FF95 /* Sources */,
				9769653923ABBDC70068FF95 /* Frameworks */,
				9769653A23ABBDC70068FF95 /* Resources */,
			);
			buildRules = (
			);
			dependencies = (
			);
			name = HolidayFinder;
			productName = HolidayFinder;
			productReference = 9769653C23ABBDC70068FF95 /* HolidayFinder.app */;
			productType = "com.apple.product-type.application";
		};
/* End PBXNativeTarget section */

/* Begin PBXProject section */
		9769653423ABBDC70068FF95 /* Project object */ = {
			isa = PBXProject;
			attributes = {
				LastSwiftUpdateCheck = 1130;
				LastUpgradeCheck = 1130;
				ORGANIZATIONNAME = "Rajendran Eshwaran";
				TargetAttributes = {
					9769653B23ABBDC70068FF95 = {
						CreatedOnToolsVersion = 11.3;
					};
				};
			};
			buildConfigurationList = 9769653723ABBDC70068FF95 /* Build configuration list for PBXProject "HolidayFinder" */;
			compatibilityVersion = "Xcode 9.3";
			developmentRegion = en;
			hasScannedForEncodings = 0;
			knownRegions = (
				en,
				Base,
			);
			mainGroup = 9769653323ABBDC70068FF95;
			productRefGroup = 9769653D23ABBDC70068FF95 /* Products */;
			projectDirPath = "";
			projectRoot = "";
			targets = (
				9769653B23ABBDC70068FF95 /* HolidayFinder */,
			);
		};
/* End PBXProject section */

/* Begin PBXResourcesBuildPhase section */
		9769653A23ABBDC70068FF95 /* Resources */ = {
			isa = PBXResourcesBuildPhase;
			buildActionMask = 2147483647;
			files = (
				9769654C23ABBDC90068FF95 /* LaunchScreen.storyboard in Resources */,
				9769654923ABBDC90068FF95 /* Assets.xcassets in Resources */,
				9769654723ABBDC70068FF95 /* Main.storyboard in Resources */,
			);
			runOnlyForDeploymentPostprocessing = 0;
		};
/* End PBXResourcesBuildPhase section */

/* Begin PBXSourcesBuildPhase section */
		9769653823ABBDC70068FF95 /* Sources */ = {
			isa = PBXSourcesBuildPhase;
			buildActionMask = 2147483647;
			files = (
				9769654423ABBDC70068FF95 /* ViewController.swift in Sources */,
				9769654023ABBDC70068FF95 /* AppDelegate.swift in Sources */,
				9769656223AC193E0068FF95 /* HolidayCell.swift in Sources */,
				9769656023AC06570068FF95 /* HolidayService.swift in Sources */,
				9769655423ABBF4A0068FF95 /* HolidayDataModel.swift in Sources */,
				9769654223ABBDC70068FF95 /* SceneDelegate.swift in Sources */,
			);
			runOnlyForDeploymentPostprocessing = 0;
		};
/* End PBXSourcesBuildPhase section */

/* Begin PBXVariantGroup section */
		9769654523ABBDC70068FF95 /* Main.storyboard */ = {
			isa = PBXVariantGroup;
			children = (
				9769654623ABBDC70068FF95 /* Base */,
			);
			name = Main.storyboard;
			sourceTree = "<group>";
		};
		9769654A23ABBDC90068FF95 /* LaunchScreen.storyboard */ = {
			isa = PBXVariantGroup;
			children = (
				9769654B23ABBDC90068FF95 /* Base */,
			);
			name = LaunchScreen.storyboard;
			sourceTree = "<group>";
		};
/* End PBXVariantGroup section */

/* Begin XCBuildConfiguration section */
		9769654E23ABBDC90068FF95 /* Debug */ = {
			isa = XCBuildConfiguration;
			buildSettings = {
				ALWAYS_SEARCH_USER_PATHS = NO;
				CLANG_ANALYZER_NONNULL = YES;
				CLANG_ANALYZER_NUMBER_OBJECT_CONVERSION = YES_AGGRESSIVE;
				CLANG_CXX_LANGUAGE_STANDARD = "gnu++14";
				CLANG_CXX_LIBRARY = "libc++";
				CLANG_ENABLE_MODULES = YES;
				CLANG_ENABLE_OBJC_ARC = YES;
				CLANG_ENABLE_OBJC_WEAK = YES;
				CLANG_WARN_BLOCK_CAPTURE_AUTORELEASING = YES;
				CLANG_WARN_BOOL_CONVERSION = YES;
				CLANG_WARN_COMMA = YES;
				CLANG_WARN_CONSTANT_CONVERSION = YES;
				CLANG_WARN_DEPRECATED_OBJC_IMPLEMENTATIONS = YES;
				CLANG_WARN_DIRECT_OBJC_ISA_USAGE = YES_ERROR;
				CLANG_WARN_DOCUMENTATION_COMMENTS = YES;
				CLANG_WARN_EMPTY_BODY = YES;
				CLANG_WARN_ENUM_CONVERSION = YES;
				CLANG_WARN_INFINITE_RECURSION = YES;
				CLANG_WARN_INT_CONVERSION = YES;
				CLANG_WARN_NON_LITERAL_NULL_CONVERSION = YES;
				CLANG_WARN_OBJC_IMPLICIT_RETAIN_SELF = YES;
				CLANG_WARN_OBJC_LITERAL_CONVERSION = YES;
				CLANG_WARN_OBJC_ROOT_CLASS = YES_ERROR;
				CLANG_WARN_RANGE_LOOP_ANALYSIS = YES;
				CLANG_WARN_STRICT_PROTOTYPES = YES;
				CLANG_WARN_SUSPICIOUS_MOVE = YES;
				CLANG_WARN_UNGUARDED_AVAILABILITY = YES_AGGRESSIVE;
				CLANG_WARN_UNREACHABLE_CODE = YES;
				CLANG_WARN__DUPLICATE_METHOD_MATCH = YES;
				COPY_PHASE_STRIP = NO;
				DEBUG_INFORMATION_FORMAT = dwarf;
				ENABLE_STRICT_OBJC_MSGSEND = YES;
				ENABLE_TESTABILITY = YES;
				GCC_C_LANGUAGE_STANDARD = gnu11;
				GCC_DYNAMIC_NO_PIC = NO;
				GCC_NO_COMMON_BLOCKS = YES;
				GCC_OPTIMIZATION_LEVEL = 0;
				GCC_PREPROCESSOR_DEFINITIONS = (
					"DEBUG=1",
					"$(inherited)",
				);
				GCC_WARN_64_TO_32_BIT_CONVERSION = YES;
				GCC_WARN_ABOUT_RETURN_TYPE = YES_ERROR;
				GCC_WARN_UNDECLARED_SELECTOR = YES;
				GCC_WARN_UNINITIALIZED_AUTOS = YES_AGGRESSIVE;
				GCC_WARN_UNUSED_FUNCTION = YES;
				GCC_WARN_UNUSED_VARIABLE = YES;
				IPHONEOS_DEPLOYMENT_TARGET = 13.2;
				MTL_ENABLE_DEBUG_INFO = INCLUDE_SOURCE;
				MTL_FAST_MATH = YES;
				ONLY_ACTIVE_ARCH = YES;
				SDKROOT = iphoneos;
				SWIFT_ACTIVE_COMPILATION_CONDITIONS = DEBUG;
				SWIFT_OPTIMIZATION_LEVEL = "-Onone";
			};
			name = Debug;
		};
		9769654F23ABBDC90068FF95 /* Release */ = {
			isa = XCBuildConfiguration;
			buildSettings = {
				ALWAYS_SEARCH_USER_PATHS = NO;
				CLANG_ANALYZER_NONNULL = YES;
				CLANG_ANALYZER_NUMBER_OBJECT_CONVERSION = YES_AGGRESSIVE;
				CLANG_CXX_LANGUAGE_STANDARD = "gnu++14";
				CLANG_CXX_LIBRARY = "libc++";
				CLANG_ENABLE_MODULES = YES;
				CLANG_ENABLE_OBJC_ARC = YES;
				CLANG_ENABLE_OBJC_WEAK = YES;
				CLANG_WARN_BLOCK_CAPTURE_AUTORELEASING = YES;
				CLANG_WARN_BOOL_CONVERSION = YES;
				CLANG_WARN_COMMA = YES;
				CLANG_WARN_CONSTANT_CONVERSION = YES;
				CLANG_WARN_DEPRECATED_OBJC_IMPLEMENTATIONS = YES;
				CLANG_WARN_DIRECT_OBJC_ISA_USAGE = YES_ERROR;
				CLANG_WARN_DOCUMENTATION_COMMENTS = YES;
				CLANG_WARN_EMPTY_BODY = YES;
				CLANG_WARN_ENUM_CONVERSION = YES;
				CLANG_WARN_INFINITE_RECURSION = YES;
				CLANG_WARN_INT_CONVERSION = YES;
				CLANG_WARN_NON_LITERAL_NULL_CONVERSION = YES;
				CLANG_WARN_OBJC_IMPLICIT_RETAIN_SELF = YES;
				CLANG_WARN_OBJC_LITERAL_CONVERSION = YES;
				CLANG_WARN_OBJC_ROOT_CLASS = YES_ERROR;
				CLANG_WARN_RANGE_LOOP_ANALYSIS = YES;
				CLANG_WARN_STRICT_PROTOTYPES = YES;
				CLANG_WARN_SUSPICIOUS_MOVE = YES;
				CLANG_WARN_UNGUARDED_AVAILABILITY = YES_AGGRESSIVE;
				CLANG_WARN_UNREACHABLE_CODE = YES;
				CLANG_WARN__DUPLICATE_METHOD_MATCH = YES;
				COPY_PHASE_STRIP = NO;
				DEBUG_INFORMATION_FORMAT = "dwarf-with-dsym";
				ENABLE_NS_ASSERTIONS = NO;
				ENABLE_STRICT_OBJC_MSGSEND = YES;
				GCC_C_LANGUAGE_STANDARD = gnu11;
				GCC_NO_COMMON_BLOCKS = YES;
				GCC_WARN_64_TO_32_BIT_CONVERSION = YES;
				GCC_WARN_ABOUT_RETURN_TYPE = YES_ERROR;
				GCC_WARN_UNDECLARED_SELECTOR = YES;
				GCC_WARN_UNINITIALIZED_AUTOS = YES_AGGRESSIVE;
				GCC_WARN_UNUSED_FUNCTION = YES;
				GCC_WARN_UNUSED_VARIABLE = YES;
				IPHONEOS_DEPLOYMENT_TARGET = 13.2;
				MTL_ENABLE_DEBUG_INFO = NO;
				MTL_FAST_MATH = YES;
				SDKROOT = iphoneos;
				SWIFT_COMPILATION_MODE = wholemodule;
				SWIFT_OPTIMIZATION_LEVEL = "-O";
				VALIDATE_PRODUCT = YES;
			};
			name = Release;
		};
		9769655123ABBDC90068FF95 /* Debug */ = {
			isa = XCBuildConfiguration;
			buildSettings = {
				ASSETCATALOG_COMPILER_APPICON_NAME = AppIcon;
				CODE_SIGN_STYLE = Automatic;
				INFOPLIST_FILE = HolidayFinder/Info.plist;
				LD_RUNPATH_SEARCH_PATHS = (
					"$(inherited)",
					"@executable_path/Frameworks",
				);
				PRODUCT_BUNDLE_IDENTIFIER = com.rajaygms.HolidayFinder;
				PRODUCT_NAME = "$(TARGET_NAME)";
				SWIFT_VERSION = 5.0;
				TARGETED_DEVICE_FAMILY = "1,2";
			};
			name = Debug;
		};
		9769655223ABBDC90068FF95 /* Release */ = {
			isa = XCBuildConfiguration;
			buildSettings = {
				ASSETCATALOG_COMPILER_APPICON_NAME = AppIcon;
				CODE_SIGN_STYLE = Automatic;
				INFOPLIST_FILE = HolidayFinder/Info.plist;
				LD_RUNPATH_SEARCH_PATHS = (
					"$(inherited)",
					"@executable_path/Frameworks",
				);
				PRODUCT_BUNDLE_IDENTIFIER = com.rajaygms.HolidayFinder;
				PRODUCT_NAME = "$(TARGET_NAME)";
				SWIFT_VERSION = 5.0;
				TARGETED_DEVICE_FAMILY = "1,2";
			};
			name = Release;
		};
/* End XCBuildConfiguration section */

/* Begin XCConfigurationList section */
		9769653723ABBDC70068FF95 /* Build configuration list for PBXProject "HolidayFinder" */ = {
			isa = XCConfigurationList;
			buildConfigurations = (
				9769654E23ABBDC90068FF95 /* Debug */,
				9769654F23ABBDC90068FF95 /* Release */,
			);
			defaultConfigurationIsVisible = 0;
			defaultConfigurationName = Release;
		};
		9769655023ABBDC90068FF95 /* Build configuration list for PBXNativeTarget "HolidayFinder" */ = {
			isa = XCConfigurationList;
			buildConfigurations = (
				9769655123ABBDC90068FF95 /* Debug */,
				9769655223ABBDC90068FF95 /* Release */,
			);
			defaultConfigurationIsVisible = 0;
			defaultConfigurationName = Release;
		};
/* End XCConfigurationList section */
	};
	rootObject = 9769653423ABBDC70068FF95 /* Project object */;
}
